{
  "requires": true,
  "lockfileVersion": 1,
  "dependencies": {
    "@types/ragemp-c": {
      "version": "https://github.com/CocaColaBear/types-ragemp-c/tarball/master",
      "integrity": "sha512-t0zHxt+yCpbd3yuVVGEkmu4gtZreW6cwvYzyMr7TRbJU+kVwvWKX6Xz5SiTNOc2mlL4n/z0SxxAiWS3iXZmOEw==",
      "dev": true
    }
  }
}
